
Microsoft Visual Studio Solution File, Format Version 12.00
# Visual Studio Version 16
VisualStudioVersion = 16.0.30011.22
MinimumVisualStudioVersion = 10.0.40219.1
Project("{F184B08F-C81C-45F6-A57F-5ABD9991F28F}") = "TicketCheck", "TicketCheck\TicketCheck.vbproj", "{79FF38D7-FF80-4473-BA4D-7C7F042AD587}"
EndProject
Global
	GlobalSection(SolutionConfigurationPlatforms) = preSolution
		Debug|Any CPU = Debug|Any CPU
		Release|Any CPU = Release|Any CPU
	EndGlobalSection
	GlobalSection(ProjectConfigurationPlatforms) = postSolution
		{79FF38D7-FF80-4473-BA4D-7C7F042AD587}.Debug|Any CPU.ActiveCfg = Debug|Any CPU
		{79FF38D7-FF80-4473-BA4D-7C7F042AD587}.Debug|Any CPU.Build.0 = Debug|Any CPU
		{79FF38D7-FF80-4473-BA4D-7C7F042AD587}.Release|Any CPU.ActiveCfg = Release|Any CPU
		{79FF38D7-FF80-4473-BA4D-7C7F042AD587}.Release|Any CPU.Build.0 = Release|Any CPU
	EndGlobalSection
	GlobalSection(SolutionProperties) = preSolution
		HideSolutionNode = FALSE
	EndGlobalSection
	GlobalSection(ExtensibilityGlobals) = postSolution
		SolutionGuid = {34935D41-4A09-4B6B-869F-A94C164687A6}
	EndGlobalSection
EndGlobal
